
Microsoft Visual Studio Solution File, Format Version 12.00
# Visual Studio Version 17
VisualStudioVersion = 17.4.33110.190
MinimumVisualStudioVersion = 10.0.40219.1
Project("{FAE04EC0-301F-11D3-BF4B-00C04F79EFBC}") = "IgnoreConditionResolverTest", "IgnoreConditionResolverTest\IgnoreConditionResolverTest.csproj", "{629D54D8-531E-4FDD-8698-6192748DB473}"
EndProject
Project("{FAE04EC0-301F-11D3-BF4B-00C04F79EFBC}") = "JsonExtensions", "JsonExtensions\JsonExtensions.csproj", "{91D88593-9601-4CFF-A1AB-DB29E894F32A}"
EndProject
Global
	GlobalSection(SolutionConfigurationPlatforms) = preSolution
		Debug|Any CPU = Debug|Any CPU
		Release|Any CPU = Release|Any CPU
	EndGlobalSection
	GlobalSection(ProjectConfigurationPlatforms) = postSolution
		{629D54D8-531E-4FDD-8698-6192748DB473}.Debug|Any CPU.ActiveCfg = Debug|Any CPU
		{629D54D8-531E-4FDD-8698-6192748DB473}.Debug|Any CPU.Build.0 = Debug|Any CPU
		{629D54D8-531E-4FDD-8698-6192748DB473}.Release|Any CPU.ActiveCfg = Release|Any CPU
		{629D54D8-531E-4FDD-8698-6192748DB473}.Release|Any CPU.Build.0 = Release|Any CPU
		{91D88593-9601-4CFF-A1AB-DB29E894F32A}.Debug|Any CPU.ActiveCfg = Debug|Any CPU
		{91D88593-9601-4CFF-A1AB-DB29E894F32A}.Debug|Any CPU.Build.0 = Debug|Any CPU
		{91D88593-9601-4CFF-A1AB-DB29E894F32A}.Release|Any CPU.ActiveCfg = Release|Any CPU
		{91D88593-9601-4CFF-A1AB-DB29E894F32A}.Release|Any CPU.Build.0 = Release|Any CPU
	EndGlobalSection
	GlobalSection(SolutionProperties) = preSolution
		HideSolutionNode = FALSE
	EndGlobalSection
	GlobalSection(ExtensibilityGlobals) = postSolution
		SolutionGuid = {4459DCAD-5DEA-4CA8-942F-14CCECEBC059}
	EndGlobalSection
EndGlobal
